
Microsoft Visual Studio Solution File, Format Version 12.00
# Visual Studio Version 17
VisualStudioVersion = 17.7.34009.444
MinimumVisualStudioVersion = 10.0.40219.1
Project("{FAE04EC0-301F-11D3-BF4B-00C04F79EFBC}") = "codigo-tecsup", "codigo-tecsup\codigo-tecsup.csproj", "{26E8578D-B9AD-4ADA-81A7-6AED3AD98FA2}"
EndProject
Global
	GlobalSection(SolutionConfigurationPlatforms) = preSolution
		Debug|Any CPU = Debug|Any CPU
		Release|Any CPU = Release|Any CPU
	EndGlobalSection
	GlobalSection(ProjectConfigurationPlatforms) = postSolution
		{26E8578D-B9AD-4ADA-81A7-6AED3AD98FA2}.Debug|Any CPU.ActiveCfg = Debug|Any CPU
		{26E8578D-B9AD-4ADA-81A7-6AED3AD98FA2}.Debug|Any CPU.Build.0 = Debug|Any CPU
		{26E8578D-B9AD-4ADA-81A7-6AED3AD98FA2}.Release|Any CPU.ActiveCfg = Release|Any CPU
		{26E8578D-B9AD-4ADA-81A7-6AED3AD98FA2}.Release|Any CPU.Build.0 = Release|Any CPU
	EndGlobalSection
	GlobalSection(SolutionProperties) = preSolution
		HideSolutionNode = FALSE
	EndGlobalSection
	GlobalSection(ExtensibilityGlobals) = postSolution
		SolutionGuid = {FD661F7E-188B-4EC0-AD64-56D1B87C35A9}
	EndGlobalSection
EndGlobal
